
Microsoft Visual Studio Solution File, Format Version 12.00
# Visual Studio Version 17
VisualStudioVersion = 17.5.33414.496
MinimumVisualStudioVersion = 10.0.40219.1
Project("{9A19103F-16F7-4668-BE54-9A1E7A4F7556}") = "RestManager.API", "RestManager.API\RestManager.API.csproj", "{FA50FDAE-5251-4414-99B9-51994ECD5A7B}"
EndProject
Project("{FAE04EC0-301F-11D3-BF4B-00C04F79EFBC}") = "RestManager.DataAccess", "RestManager.DataAccess\RestManager.DataAccess.csproj", "{D9156CFD-7AA0-4732-9481-87644878219C}"
EndProject
Project("{FAE04EC0-301F-11D3-BF4B-00C04F79EFBC}") = "RestManager.Services", "RestManager.Services\RestManager.Services.csproj", "{1ACD1883-2DBA-4425-B595-3A878DFA134F}"
EndProject
Project("{FAE04EC0-301F-11D3-BF4B-00C04F79EFBC}") = "RestManager.DIContainerCore", "RestManager.Utils\RestManager.DIContainerCore.csproj", "{1E2A2DAA-65DA-4E87-B7C9-B5B09771650A}"
EndProject
Project("{FAE04EC0-301F-11D3-BF4B-00C04F79EFBC}") = "RestManager.xTests", "RestManager.xTests\RestManager.xTests.csproj", "{BDC9FBFB-FD7D-47E7-8F95-9A88FF5D9833}"
EndProject
Global
	GlobalSection(SolutionConfigurationPlatforms) = preSolution
		Debug|Any CPU = Debug|Any CPU
		Release|Any CPU = Release|Any CPU
	EndGlobalSection
	GlobalSection(ProjectConfigurationPlatforms) = postSolution
		{FA50FDAE-5251-4414-99B9-51994ECD5A7B}.Debug|Any CPU.ActiveCfg = Debug|Any CPU
		{FA50FDAE-5251-4414-99B9-51994ECD5A7B}.Debug|Any CPU.Build.0 = Debug|Any CPU
		{FA50FDAE-5251-4414-99B9-51994ECD5A7B}.Release|Any CPU.ActiveCfg = Release|Any CPU
		{FA50FDAE-5251-4414-99B9-51994ECD5A7B}.Release|Any CPU.Build.0 = Release|Any CPU
		{D9156CFD-7AA0-4732-9481-87644878219C}.Debug|Any CPU.ActiveCfg = Debug|Any CPU
		{D9156CFD-7AA0-4732-9481-87644878219C}.Debug|Any CPU.Build.0 = Debug|Any CPU
		{D9156CFD-7AA0-4732-9481-87644878219C}.Release|Any CPU.ActiveCfg = Release|Any CPU
		{D9156CFD-7AA0-4732-9481-87644878219C}.Release|Any CPU.Build.0 = Release|Any CPU
		{1ACD1883-2DBA-4425-B595-3A878DFA134F}.Debug|Any CPU.ActiveCfg = Debug|Any CPU
		{1ACD1883-2DBA-4425-B595-3A878DFA134F}.Debug|Any CPU.Build.0 = Debug|Any CPU
		{1ACD1883-2DBA-4425-B595-3A878DFA134F}.Release|Any CPU.ActiveCfg = Release|Any CPU
		{1ACD1883-2DBA-4425-B595-3A878DFA134F}.Release|Any CPU.Build.0 = Release|Any CPU
		{1E2A2DAA-65DA-4E87-B7C9-B5B09771650A}.Debug|Any CPU.ActiveCfg = Debug|Any CPU
		{1E2A2DAA-65DA-4E87-B7C9-B5B09771650A}.Debug|Any CPU.Build.0 = Debug|Any CPU
		{1E2A2DAA-65DA-4E87-B7C9-B5B09771650A}.Release|Any CPU.ActiveCfg = Release|Any CPU
		{1E2A2DAA-65DA-4E87-B7C9-B5B09771650A}.Release|Any CPU.Build.0 = Release|Any CPU
		{BDC9FBFB-FD7D-47E7-8F95-9A88FF5D9833}.Debug|Any CPU.ActiveCfg = Debug|Any CPU
		{BDC9FBFB-FD7D-47E7-8F95-9A88FF5D9833}.Debug|Any CPU.Build.0 = Debug|Any CPU
		{BDC9FBFB-FD7D-47E7-8F95-9A88FF5D9833}.Release|Any CPU.ActiveCfg = Release|Any CPU
		{BDC9FBFB-FD7D-47E7-8F95-9A88FF5D9833}.Release|Any CPU.Build.0 = Release|Any CPU
	EndGlobalSection
	GlobalSection(SolutionProperties) = preSolution
		HideSolutionNode = FALSE
	EndGlobalSection
	GlobalSection(ExtensibilityGlobals) = postSolution
		SolutionGuid = {6605F2B0-DE50-4234-8B94-C82F06DD3259}
	EndGlobalSection
EndGlobal
